
Microsoft Visual Studio Solution File, Format Version 12.00
# Visual Studio Version 17
VisualStudioVersion = 17.5.002.0
MinimumVisualStudioVersion = 10.0.40219.1
Project("{9A19103F-16F7-4668-BE54-9A1E7A4F7556}") = "MeuApp", "MeuApp.csproj", "{6330D6E0-B00A-478C-B1D9-86B5F998F837}"
EndProject
Global
	GlobalSection(SolutionConfigurationPlatforms) = preSolution
		Debug|Any CPU = Debug|Any CPU
		Release|Any CPU = Release|Any CPU
	EndGlobalSection
	GlobalSection(ProjectConfigurationPlatforms) = postSolution
		{6330D6E0-B00A-478C-B1D9-86B5F998F837}.Debug|Any CPU.ActiveCfg = Debug|Any CPU
		{6330D6E0-B00A-478C-B1D9-86B5F998F837}.Debug|Any CPU.Build.0 = Debug|Any CPU
		{6330D6E0-B00A-478C-B1D9-86B5F998F837}.Release|Any CPU.ActiveCfg = Release|Any CPU
		{6330D6E0-B00A-478C-B1D9-86B5F998F837}.Release|Any CPU.Build.0 = Release|Any CPU
	EndGlobalSection
	GlobalSection(SolutionProperties) = preSolution
		HideSolutionNode = FALSE
	EndGlobalSection
	GlobalSection(ExtensibilityGlobals) = postSolution
		SolutionGuid = {DA837F4B-D03F-4D0C-A3C4-892F2D57DCA5}
	EndGlobalSection
EndGlobal
